
Microsoft Visual Studio Solution File, Format Version 12.00
# Visual Studio 15
VisualStudioVersion = 15.0.27703.2026
MinimumVisualStudioVersion = 10.0.40219.1
Project("{FAE04EC0-301F-11D3-BF4B-00C04F79EFBC}") = "ZbW.Testing.Dependencies.Lib", "ZbW.Testing.Dependencies.Lib\ZbW.Testing.Dependencies.Lib.csproj", "{6BE36343-3BDC-47FA-B989-EC11A20AF090}"
EndProject
Project("{FAE04EC0-301F-11D3-BF4B-00C04F79EFBC}") = "ZbW.Testing.Dependencies.Lib.UnitTests", "ZbW.Testing.Dependencies.Lib.UnitTests\ZbW.Testing.Dependencies.Lib.UnitTests.csproj", "{9E30425D-E4A3-4ACA-9345-8C329986276C}"
EndProject
Global
	GlobalSection(SolutionConfigurationPlatforms) = preSolution
		Debug|Any CPU = Debug|Any CPU
		Release|Any CPU = Release|Any CPU
	EndGlobalSection
	GlobalSection(ProjectConfigurationPlatforms) = postSolution
		{6BE36343-3BDC-47FA-B989-EC11A20AF090}.Debug|Any CPU.ActiveCfg = Debug|Any CPU
		{6BE36343-3BDC-47FA-B989-EC11A20AF090}.Debug|Any CPU.Build.0 = Debug|Any CPU
		{6BE36343-3BDC-47FA-B989-EC11A20AF090}.Release|Any CPU.ActiveCfg = Release|Any CPU
		{6BE36343-3BDC-47FA-B989-EC11A20AF090}.Release|Any CPU.Build.0 = Release|Any CPU
		{9E30425D-E4A3-4ACA-9345-8C329986276C}.Debug|Any CPU.ActiveCfg = Debug|Any CPU
		{9E30425D-E4A3-4ACA-9345-8C329986276C}.Debug|Any CPU.Build.0 = Debug|Any CPU
		{9E30425D-E4A3-4ACA-9345-8C329986276C}.Release|Any CPU.ActiveCfg = Release|Any CPU
		{9E30425D-E4A3-4ACA-9345-8C329986276C}.Release|Any CPU.Build.0 = Release|Any CPU
	EndGlobalSection
	GlobalSection(SolutionProperties) = preSolution
		HideSolutionNode = FALSE
	EndGlobalSection
	GlobalSection(ExtensibilityGlobals) = postSolution
		SolutionGuid = {FC60EC42-9E19-4CA8-9BAD-76237DB64668}
	EndGlobalSection
EndGlobal
